<?xml version="1.0" encoding="utf-8"?>
<Project ToolsVersion="4.0" xmlns="http://schemas.microsoft.com/developer/msbuild/2003">
  <ItemGroup>
    <ClCompile Include="Render\Camera.cpp">
      <Filter>Render</Filter>
    </ClCompile>
    <ClCompile Include="Render\Render.cpp">
      <Filter>Render</Filter>
    </ClCompile>
    <ClCompile Include="RenderUtils.cpp" />
    <ClCompile Include="main.cpp" />
    <ClCompile Include="callbacks.cpp" />
    <ClCompile Include="Particle.cpp" />
    <ClCompile Include="Scene.cpp" />
    <ClCompile Include="ParticleManager.cpp" />
    <ClCompile Include="Firework.cpp" />
    <ClCompile Include="ParticleGravity.cpp" />
    <ClCompile Include="ParticleForceRegistry.cpp" />
    <ClCompile Include="ParticleForceGenerator.cpp" />
    <ClCompile Include="WindGenerator.cpp" />
    <ClCompile Include="ParticleDrag.cpp" />
    <ClCompile Include="ExplosionForce.cpp" />
    <ClCompile Include="ParticleSpring.cpp" />
    <ClCompile Include="ParticleAnchoredSpring.cpp" />
    <ClCompile Include="ParticleBungee.cpp" />
    <ClCompile Include="ParticleBuoyancy.cpp" />
    <ClCompile Include="BodySystem.cpp" />
    <ClCompile Include="Rigidbody.cpp" />
    <ClCompile Include="StaticRigidbdy.cpp" />
    <ClCompile Include="RigidbodyForceGenerator.cpp" />
    <ClCompile Include="RigidbodyForceRegistry.cpp" />
    <ClCompile Include="RigidBodySphereForce.cpp" />
    <ClCompile Include="RigidBodyExplosion.cpp" />
  </ItemGroup>
  <ItemGroup>
    <ClInclude Include="core.hpp" />
    <ClInclude Include="Render\Camera.h">
      <Filter>Render</Filter>
    </ClInclude>
    <ClInclude Include="Render\Render.h">
      <Filter>Render</Filter>
    </ClInclude>
    <ClInclude Include="RenderUtils.hpp" />
    <ClInclude Include="callbacks.hpp" />
    <ClInclude Include="Particle.h" />
    <ClInclude Include="Scene.h" />
    <ClInclude Include="ParticleManager.h" />
    <ClInclude Include="Firework.h" />
    <ClInclude Include="ParticleForceGenerator.h" />
    <ClInclude Include="ParticleGravity.h" />
    <ClInclude Include="ParticleForceRegistry.h" />
    <ClInclude Include="WindGenerator.h" />
    <ClInclude Include="ParticleDrag.h" />
    <ClInclude Include="ExplosionForce.h" />
    <ClInclude Include="ParticleSpring.h" />
    <ClInclude Include="ParticleAnchoredSpring.h" />
    <ClInclude Include="ParticleBungee.h" />
    <ClInclude Include="ParticleBuoyancy.h" />
    <ClInclude Include="BodySystem.h" />
    <ClInclude Include="Rigidbody.h" />
    <ClInclude Include="StaticRigidbdy.h" />
    <ClInclude Include="RigidbodyForceGenerator.h" />
    <ClInclude Include="RigidbodyForceRegistry.h" />
    <ClInclude Include="RigidBodySphereForce.h" />
    <ClInclude Include="RigidBodyExplosion.h" />
  </ItemGroup>
  <ItemGroup>
    <Filter Include="Render">
      <UniqueIdentifier>{d04b4f9f-5a69-465e-8070-25c6d0bcd3c2}</UniqueIdentifier>
    </Filter>
  </ItemGroup>
</Project>